// !$*UTF8*$!
{
	archiveVersion = 1;
	classes = {
	};
	objectVersion = 51;
	objects = {

/* Begin PBXBuildFile section */
		340B7B8D2644E05700BCA158 /* Client.swift in Sources */ = {isa = PBXBuildFile; fileRef = 340B7B8A2644E05700BCA158 /* Client.swift */; };
		340B7B8E2644E05700BCA158 /* Business.swift in Sources */ = {isa = PBXBuildFile; fileRef = 340B7B8B2644E05700BCA158 /* Business.swift */; };
		340B7B8F2644E05700BCA158 /* LinePlace.swift in Sources */ = {isa = PBXBuildFile; fileRef = 340B7B8C2644E05700BCA158 /* LinePlace.swift */; };
		341BBCA92643559600A5AE69 /* AppDelegate.swift in Sources */ = {isa = PBXBuildFile; fileRef = 341BBCA82643559600A5AE69 /* AppDelegate.swift */; };
		341BBCAF2643608500A5AE69 /* Authentication.swift in Sources */ = {isa = PBXBuildFile; fileRef = 341BBCAE2643608500A5AE69 /* Authentication.swift */; };
		349BE0E626445FEF00C9D89A /* Api.swift in Sources */ = {isa = PBXBuildFile; fileRef = 349BE0E526445FEF00C9D89A /* Api.swift */; };
		349BE13826447AE500C9D89A /* BusinessApi.swift in Sources */ = {isa = PBXBuildFile; fileRef = 349BE13726447AE500C9D89A /* BusinessApi.swift */; };
		349BE1422644C70D00C9D89A /* BusinessModel.swift in Sources */ = {isa = PBXBuildFile; fileRef = 349BE1412644C70D00C9D89A /* BusinessModel.swift */; };
		349BE14A2644C93500C9D89A /* LinePlaceModel.swift in Sources */ = {isa = PBXBuildFile; fileRef = 349BE1492644C93500C9D89A /* LinePlaceModel.swift */; };
		349BE1502644CBF800C9D89A /* LinePlaceApi.swift in Sources */ = {isa = PBXBuildFile; fileRef = 349BE14F2644CBF800C9D89A /* LinePlaceApi.swift */; };
		349BE1582644CCE600C9D89A /* TimeEstimativeModel.swift in Sources */ = {isa = PBXBuildFile; fileRef = 349BE1572644CCE600C9D89A /* TimeEstimativeModel.swift */; };
		349BE15E2644CF1500C9D89A /* TypeAliases.swift in Sources */ = {isa = PBXBuildFile; fileRef = 349BE15D2644CF1500C9D89A /* TypeAliases.swift */; };
		34A3B619264C5BAD00D2D51D /* LoaderView.swift in Sources */ = {isa = PBXBuildFile; fileRef = 34A3B618264C5BAD00D2D51D /* LoaderView.swift */; };
		34B54CEE2655AA3500C1E039 /* Push.swift in Sources */ = {isa = PBXBuildFile; fileRef = 34B54CED2655AA3500C1E039 /* Push.swift */; };
		34B54CF62655FF9300C1E039 /* PushNotificationTokenApi.swift in Sources */ = {isa = PBXBuildFile; fileRef = 34B54CF52655FF9300C1E039 /* PushNotificationTokenApi.swift */; };
		34B54D022656BA7800C1E039 /* NotificationService.swift in Sources */ = {isa = PBXBuildFile; fileRef = 34B54D012656BA7800C1E039 /* NotificationService.swift */; };
		34B54D062656BA7800C1E039 /* NotificationService.appex in Embed App Extensions */ = {isa = PBXBuildFile; fileRef = 34B54CFF2656BA7800C1E039 /* NotificationService.appex */; settings = {ATTRIBUTES = (RemoveHeadersOnCopy, ); }; };
		34B54D352656F85500C1E039 /* PushNotificationDataState.swift in Sources */ = {isa = PBXBuildFile; fileRef = 34B54D342656F85500C1E039 /* PushNotificationDataState.swift */; };
		34CD7BCB264DA379005B2048 /* SettingsState.swift in Sources */ = {isa = PBXBuildFile; fileRef = 34CD7BCA264DA379005B2048 /* SettingsState.swift */; };
		34CD7BD3264DDF25005B2048 /* UserTypeSegmentedControlView.swift in Sources */ = {isa = PBXBuildFile; fileRef = 34CD7BD2264DDF25005B2048 /* UserTypeSegmentedControlView.swift */; };
		34CD7BD9264DE092005B2048 /* RegisterView.swift in Sources */ = {isa = PBXBuildFile; fileRef = 34CD7BD8264DE092005B2048 /* RegisterView.swift */; };
		34E02AF3264AF23A0096BBDE /* StepperView.swift in Sources */ = {isa = PBXBuildFile; fileRef = 34E02AF2264AF23A0096BBDE /* StepperView.swift */; };
		34E02B00264AF6200096BBDE /* TextView.swift in Sources */ = {isa = PBXBuildFile; fileRef = 34E02AFE264AF6200096BBDE /* TextView.swift */; };
		34E02B01264AF6200096BBDE /* TextViewWrapper.swift in Sources */ = {isa = PBXBuildFile; fileRef = 34E02AFF264AF6200096BBDE /* TextViewWrapper.swift */; };
		34E02B0D264B0A420096BBDE /* api.swift in Sources */ = {isa = PBXBuildFile; fileRef = 34E02B0C264B0A420096BBDE /* api.swift */; };
		34E02B1B264B0A700096BBDE /* auth.swift in Sources */ = {isa = PBXBuildFile; fileRef = 34E02B1A264B0A700096BBDE /* auth.swift */; };
		34E02B21264B0BA10096BBDE /* AWS.swift in Sources */ = {isa = PBXBuildFile; fileRef = 34E02B20264B0BA10096BBDE /* AWS.swift */; };
		34EA284E264A09CA0047E740 /* LoginView.swift in Sources */ = {isa = PBXBuildFile; fileRef = 34EA284D264A09CA0047E740 /* LoginView.swift */; };
		34EA2859264A09FA0047E740 /* BusinessView.swift in Sources */ = {isa = PBXBuildFile; fileRef = 34EA2858264A09FA0047E740 /* BusinessView.swift */; };
		34EA285E264A0A020047E740 /* ClientView.swift in Sources */ = {isa = PBXBuildFile; fileRef = 34EA285D264A0A020047E740 /* ClientView.swift */; };
		34EA288A264A0E920047E740 /* ButtonView.swift in Sources */ = {isa = PBXBuildFile; fileRef = 34EA2889264A0E920047E740 /* ButtonView.swift */; };
		34EA2890264A0EEC0047E740 /* ApplicationView.swift in Sources */ = {isa = PBXBuildFile; fileRef = 34EA288F264A0EEC0047E740 /* ApplicationView.swift */; };
		34EA2895264A0FBD0047E740 /* UserType.swift in Sources */ = {isa = PBXBuildFile; fileRef = 34EA2894264A0FBD0047E740 /* UserType.swift */; };
		34EA289A264A11FF0047E740 /* BusinessProfileTabView.swift in Sources */ = {isa = PBXBuildFile; fileRef = 34EA2899264A11FF0047E740 /* BusinessProfileTabView.swift */; };
		34EA28A2264A12600047E740 /* BusinessDashboardTab.swift in Sources */ = {isa = PBXBuildFile; fileRef = 34EA28A1264A12600047E740 /* BusinessDashboardTab.swift */; };
		34EA28A7264A129A0047E740 /* BusinessDashboardClientsInLine.swift in Sources */ = {isa = PBXBuildFile; fileRef = 34EA28A6264A129A0047E740 /* BusinessDashboardClientsInLine.swift */; };
		34EA28AC264A13920047E740 /* ClientLineStatusTab.swift in Sources */ = {isa = PBXBuildFile; fileRef = 34EA28AB264A13920047E740 /* ClientLineStatusTab.swift */; };
		34EA28B1264A13C30047E740 /* ClientProfileTab.swift in Sources */ = {isa = PBXBuildFile; fileRef = 34EA28B0264A13C30047E740 /* ClientProfileTab.swift */; };
		34EA28B6264A16400047E740 /* ClientBusinessListTab.swift in Sources */ = {isa = PBXBuildFile; fileRef = 34EA28B5264A16400047E740 /* ClientBusinessListTab.swift */; };
		34EA28BB264A18150047E740 /* LoginClientRegister.swift in Sources */ = {isa = PBXBuildFile; fileRef = 34EA28BA264A18150047E740 /* LoginClientRegister.swift */; };
		34EA28C0264A181E0047E740 /* LoginBusinessRegister.swift in Sources */ = {isa = PBXBuildFile; fileRef = 34EA28BF264A181E0047E740 /* LoginBusinessRegister.swift */; };
		553F7BE0264EB95D00053383 /* ClientProfileTabView.swift in Sources */ = {isa = PBXBuildFile; fileRef = 553F7BDF264EB95D00053383 /* ClientProfileTabView.swift */; };
		55409262264C4850004E6D9B /* ClientCardView.swift in Sources */ = {isa = PBXBuildFile; fileRef = 55409261264C4850004E6D9B /* ClientCardView.swift */; };
		554F71DA2641D4AC00E4F684 /* On_lineApp.swift in Sources */ = {isa = PBXBuildFile; fileRef = 554F71D92641D4AC00E4F684 /* On_lineApp.swift */; };
		554F71DC2641D4AC00E4F684 /* ContentView.swift in Sources */ = {isa = PBXBuildFile; fileRef = 554F71DB2641D4AC00E4F684 /* ContentView.swift */; };
		554F71DE2641D4AC00E4F684 /* Assets.xcassets in Resources */ = {isa = PBXBuildFile; fileRef = 554F71DD2641D4AC00E4F684 /* Assets.xcassets */; };
		554F71E12641D4AC00E4F684 /* Preview Assets.xcassets in Resources */ = {isa = PBXBuildFile; fileRef = 554F71E02641D4AC00E4F684 /* Preview Assets.xcassets */; };
		554F71EC2641D4AD00E4F684 /* On_lineTests.swift in Sources */ = {isa = PBXBuildFile; fileRef = 554F71EB2641D4AD00E4F684 /* On_lineTests.swift */; };
		554F71F72641D4AD00E4F684 /* On_lineUITests.swift in Sources */ = {isa = PBXBuildFile; fileRef = 554F71F62641D4AD00E4F684 /* On_lineUITests.swift */; };
		55D835DD264B0665002C4EF7 /* ColoredTextView.swift in Sources */ = {isa = PBXBuildFile; fileRef = 55D835DC264B0665002C4EF7 /* ColoredTextView.swift */; };
		55D835E0264B167E002C4EF7 /* NavigationBarView.swift in Sources */ = {isa = PBXBuildFile; fileRef = 55D835DF264B167E002C4EF7 /* NavigationBarView.swift */; };
		55D835E3264B1748002C4EF7 /* ImageButtonView.swift in Sources */ = {isa = PBXBuildFile; fileRef = 55D835E2264B1748002C4EF7 /* ImageButtonView.swift */; };
		BF2BEB0F8ED87226D38CA592 /* Pods_On_line.framework in Frameworks */ = {isa = PBXBuildFile; fileRef = D1E0C95150A56FB3CB602A91 /* Pods_On_line.framework */; };
		F134F8DD264F1041002E46C3 /* ClientsCalledSheet.swift in Sources */ = {isa = PBXBuildFile; fileRef = F134F8DC264F1041002E46C3 /* ClientsCalledSheet.swift */; };
		F134F8DF264F17D0002E46C3 /* ClientCalledView.swift in Sources */ = {isa = PBXBuildFile; fileRef = F134F8DE264F17D0002E46C3 /* ClientCalledView.swift */; };
		F162C61B265307CE00C74D75 /* BusinessProfileEditor.swift in Sources */ = {isa = PBXBuildFile; fileRef = F162C61A265307CE00C74D75 /* BusinessProfileEditor.swift */; };
		F85F7005264DA9BC00EE68F0 /* RestaurantDetails.swift in Sources */ = {isa = PBXBuildFile; fileRef = F85F7004264DA9BC00EE68F0 /* RestaurantDetails.swift */; };
		F85F7007264DB92800EE68F0 /* ButtonView2.swift in Sources */ = {isa = PBXBuildFile; fileRef = F85F7006264DB92800EE68F0 /* ButtonView2.swift */; };
		F8C4897B2654344F00FF465B /* ButtonView3.swift in Sources */ = {isa = PBXBuildFile; fileRef = F8C4897A2654344F00FF465B /* ButtonView3.swift */; };
		F8C4897D2654346300FF465B /* ButtonView4.swift in Sources */ = {isa = PBXBuildFile; fileRef = F8C4897C2654346300FF465B /* ButtonView4.swift */; };
		F8C4897F265439F000FF465B /* BusinessLine.swift in Sources */ = {isa = PBXBuildFile; fileRef = F8C4897E265439F000FF465B /* BusinessLine.swift */; };
/* End PBXBuildFile section */

/* Begin PBXContainerItemProxy section */
		34B54D042656BA7800C1E039 /* PBXContainerItemProxy */ = {
			isa = PBXContainerItemProxy;
			containerPortal = 554F71CE2641D4AC00E4F684 /* Project object */;
			proxyType = 1;
			remoteGlobalIDString = 34B54CFE2656BA7800C1E039;
			remoteInfo = NotificationService;
		};
		554F71E82641D4AD00E4F684 /* PBXContainerItemProxy */ = {
			isa = PBXContainerItemProxy;
			containerPortal = 554F71CE2641D4AC00E4F684 /* Project object */;
			proxyType = 1;
			remoteGlobalIDString = 554F71D52641D4AC00E4F684;
			remoteInfo = "On line";
		};
		554F71F32641D4AD00E4F684 /* PBXContainerItemProxy */ = {
			isa = PBXContainerItemProxy;
			containerPortal = 554F71CE2641D4AC00E4F684 /* Project object */;
			proxyType = 1;
			remoteGlobalIDString = 554F71D52641D4AC00E4F684;
			remoteInfo = "On line";
		};
/* End PBXContainerItemProxy section */

/* Begin PBXCopyFilesBuildPhase section */
		34B54D0A2656BA7800C1E039 /* Embed App Extensions */ = {
			isa = PBXCopyFilesBuildPhase;
			buildActionMask = 2147483647;
			dstPath = "";
			dstSubfolderSpec = 13;
			files = (
				34B54D062656BA7800C1E039 /* NotificationService.appex in Embed App Extensions */,
			);
			name = "Embed App Extensions";
			runOnlyForDeploymentPostprocessing = 0;
		};
/* End PBXCopyFilesBuildPhase section */

/* Begin PBXFileReference section */
		340B7B8A2644E05700BCA158 /* Client.swift */ = {isa = PBXFileReference; fileEncoding = 4; lastKnownFileType = sourcecode.swift; path = Client.swift; sourceTree = "<group>"; };
		340B7B8B2644E05700BCA158 /* Business.swift */ = {isa = PBXFileReference; fileEncoding = 4; lastKnownFileType = sourcecode.swift; path = Business.swift; sourceTree = "<group>"; };
		340B7B8C2644E05700BCA158 /* LinePlace.swift */ = {isa = PBXFileReference; fileEncoding = 4; lastKnownFileType = sourcecode.swift; path = LinePlace.swift; sourceTree = "<group>"; };
		341BBCA82643559600A5AE69 /* AppDelegate.swift */ = {isa = PBXFileReference; lastKnownFileType = sourcecode.swift; path = AppDelegate.swift; sourceTree = "<group>"; };
		341BBCAE2643608500A5AE69 /* Authentication.swift */ = {isa = PBXFileReference; lastKnownFileType = sourcecode.swift; path = Authentication.swift; sourceTree = "<group>"; };
		345BE8BB26558BB800AAC7BF /* On line.entitlements */ = {isa = PBXFileReference; lastKnownFileType = text.plist.entitlements; path = "On line.entitlements"; sourceTree = "<group>"; };
		349BE0E526445FEF00C9D89A /* Api.swift */ = {isa = PBXFileReference; lastKnownFileType = sourcecode.swift; path = Api.swift; sourceTree = "<group>"; };
		349BE13726447AE500C9D89A /* BusinessApi.swift */ = {isa = PBXFileReference; lastKnownFileType = sourcecode.swift; path = BusinessApi.swift; sourceTree = "<group>"; };
		349BE1412644C70D00C9D89A /* BusinessModel.swift */ = {isa = PBXFileReference; lastKnownFileType = sourcecode.swift; path = BusinessModel.swift; sourceTree = "<group>"; };
		349BE1492644C93500C9D89A /* LinePlaceModel.swift */ = {isa = PBXFileReference; lastKnownFileType = sourcecode.swift; path = LinePlaceModel.swift; sourceTree = "<group>"; };
		349BE14F2644CBF800C9D89A /* LinePlaceApi.swift */ = {isa = PBXFileReference; lastKnownFileType = sourcecode.swift; path = LinePlaceApi.swift; sourceTree = "<group>"; };
		349BE1572644CCE600C9D89A /* TimeEstimativeModel.swift */ = {isa = PBXFileReference; lastKnownFileType = sourcecode.swift; path = TimeEstimativeModel.swift; sourceTree = "<group>"; };
		349BE15D2644CF1500C9D89A /* TypeAliases.swift */ = {isa = PBXFileReference; lastKnownFileType = sourcecode.swift; path = TypeAliases.swift; sourceTree = "<group>"; };
		34A3B618264C5BAD00D2D51D /* LoaderView.swift */ = {isa = PBXFileReference; lastKnownFileType = sourcecode.swift; path = LoaderView.swift; sourceTree = "<group>"; };
		34B54CED2655AA3500C1E039 /* Push.swift */ = {isa = PBXFileReference; lastKnownFileType = sourcecode.swift; path = Push.swift; sourceTree = "<group>"; };
		34B54CF52655FF9300C1E039 /* PushNotificationTokenApi.swift */ = {isa = PBXFileReference; lastKnownFileType = sourcecode.swift; path = PushNotificationTokenApi.swift; sourceTree = "<group>"; };
		34B54CFF2656BA7800C1E039 /* NotificationService.appex */ = {isa = PBXFileReference; explicitFileType = "wrapper.app-extension"; includeInIndex = 0; path = NotificationService.appex; sourceTree = BUILT_PRODUCTS_DIR; };
		34B54D012656BA7800C1E039 /* NotificationService.swift */ = {isa = PBXFileReference; lastKnownFileType = sourcecode.swift; path = NotificationService.swift; sourceTree = "<group>"; };
		34B54D032656BA7800C1E039 /* Info.plist */ = {isa = PBXFileReference; lastKnownFileType = text.plist.xml; path = Info.plist; sourceTree = "<group>"; };
		34B54D1D2656DC7F00C1E039 /* NotificationService.entitlements */ = {isa = PBXFileReference; lastKnownFileType = text.plist.entitlements; path = NotificationService.entitlements; sourceTree = "<group>"; };
		34B54D342656F85500C1E039 /* PushNotificationDataState.swift */ = {isa = PBXFileReference; lastKnownFileType = sourcecode.swift; path = PushNotificationDataState.swift; sourceTree = "<group>"; };
		34CD7BCA264DA379005B2048 /* SettingsState.swift */ = {isa = PBXFileReference; fileEncoding = 4; lastKnownFileType = sourcecode.swift; path = SettingsState.swift; sourceTree = "<group>"; };
		34CD7BD2264DDF25005B2048 /* UserTypeSegmentedControlView.swift */ = {isa = PBXFileReference; lastKnownFileType = sourcecode.swift; path = UserTypeSegmentedControlView.swift; sourceTree = "<group>"; };
		34CD7BD8264DE092005B2048 /* RegisterView.swift */ = {isa = PBXFileReference; lastKnownFileType = sourcecode.swift; path = RegisterView.swift; sourceTree = "<group>"; };
		34E02AF2264AF23A0096BBDE /* StepperView.swift */ = {isa = PBXFileReference; fileEncoding = 4; lastKnownFileType = sourcecode.swift; path = StepperView.swift; sourceTree = "<group>"; };
		34E02AFE264AF6200096BBDE /* TextView.swift */ = {isa = PBXFileReference; fileEncoding = 4; lastKnownFileType = sourcecode.swift; path = TextView.swift; sourceTree = "<group>"; };
		34E02AFF264AF6200096BBDE /* TextViewWrapper.swift */ = {isa = PBXFileReference; fileEncoding = 4; lastKnownFileType = sourcecode.swift; path = TextViewWrapper.swift; sourceTree = "<group>"; };
		34E02B0C264B0A420096BBDE /* api.swift */ = {isa = PBXFileReference; lastKnownFileType = sourcecode.swift; path = api.swift; sourceTree = "<group>"; };
		34E02B1A264B0A700096BBDE /* auth.swift */ = {isa = PBXFileReference; lastKnownFileType = sourcecode.swift; path = auth.swift; sourceTree = "<group>"; };
		34E02B20264B0BA10096BBDE /* AWS.swift */ = {isa = PBXFileReference; lastKnownFileType = sourcecode.swift; path = AWS.swift; sourceTree = "<group>"; };
		34EA284D264A09CA0047E740 /* LoginView.swift */ = {isa = PBXFileReference; lastKnownFileType = sourcecode.swift; path = LoginView.swift; sourceTree = "<group>"; };
		34EA2858264A09FA0047E740 /* BusinessView.swift */ = {isa = PBXFileReference; lastKnownFileType = sourcecode.swift; path = BusinessView.swift; sourceTree = "<group>"; };
		34EA285D264A0A020047E740 /* ClientView.swift */ = {isa = PBXFileReference; lastKnownFileType = sourcecode.swift; path = ClientView.swift; sourceTree = "<group>"; };
		34EA2889264A0E920047E740 /* ButtonView.swift */ = {isa = PBXFileReference; fileEncoding = 4; lastKnownFileType = sourcecode.swift; path = ButtonView.swift; sourceTree = "<group>"; };
		34EA288F264A0EEC0047E740 /* ApplicationView.swift */ = {isa = PBXFileReference; lastKnownFileType = sourcecode.swift; path = ApplicationView.swift; sourceTree = "<group>"; };
		34EA2894264A0FBD0047E740 /* UserType.swift */ = {isa = PBXFileReference; lastKnownFileType = sourcecode.swift; path = UserType.swift; sourceTree = "<group>"; };
		34EA2899264A11FF0047E740 /* BusinessProfileTabView.swift */ = {isa = PBXFileReference; lastKnownFileType = sourcecode.swift; path = BusinessProfileTabView.swift; sourceTree = "<group>"; };
		34EA28A1264A12600047E740 /* BusinessDashboardTab.swift */ = {isa = PBXFileReference; lastKnownFileType = sourcecode.swift; path = BusinessDashboardTab.swift; sourceTree = "<group>"; };
		34EA28A6264A129A0047E740 /* BusinessDashboardClientsInLine.swift */ = {isa = PBXFileReference; lastKnownFileType = sourcecode.swift; path = BusinessDashboardClientsInLine.swift; sourceTree = "<group>"; };
		34EA28AB264A13920047E740 /* ClientLineStatusTab.swift */ = {isa = PBXFileReference; lastKnownFileType = sourcecode.swift; path = ClientLineStatusTab.swift; sourceTree = "<group>"; };
		34EA28B0264A13C30047E740 /* ClientProfileTab.swift */ = {isa = PBXFileReference; lastKnownFileType = sourcecode.swift; path = ClientProfileTab.swift; sourceTree = "<group>"; };
		34EA28B5264A16400047E740 /* ClientBusinessListTab.swift */ = {isa = PBXFileReference; lastKnownFileType = sourcecode.swift; path = ClientBusinessListTab.swift; sourceTree = "<group>"; };
		34EA28BA264A18150047E740 /* LoginClientRegister.swift */ = {isa = PBXFileReference; lastKnownFileType = sourcecode.swift; path = LoginClientRegister.swift; sourceTree = "<group>"; };
		34EA28BF264A181E0047E740 /* LoginBusinessRegister.swift */ = {isa = PBXFileReference; lastKnownFileType = sourcecode.swift; path = LoginBusinessRegister.swift; sourceTree = "<group>"; };
		553F7BDF264EB95D00053383 /* ClientProfileTabView.swift */ = {isa = PBXFileReference; lastKnownFileType = sourcecode.swift; path = ClientProfileTabView.swift; sourceTree = "<group>"; };
		55409261264C4850004E6D9B /* ClientCardView.swift */ = {isa = PBXFileReference; lastKnownFileType = sourcecode.swift; path = ClientCardView.swift; sourceTree = "<group>"; };
		554F71D62641D4AC00E4F684 /* On line.app */ = {isa = PBXFileReference; explicitFileType = wrapper.application; includeInIndex = 0; path = "On line.app"; sourceTree = BUILT_PRODUCTS_DIR; };
		554F71D92641D4AC00E4F684 /* On_lineApp.swift */ = {isa = PBXFileReference; lastKnownFileType = sourcecode.swift; path = On_lineApp.swift; sourceTree = "<group>"; };
		554F71DB2641D4AC00E4F684 /* ContentView.swift */ = {isa = PBXFileReference; lastKnownFileType = sourcecode.swift; path = ContentView.swift; sourceTree = "<group>"; };
		554F71DD2641D4AC00E4F684 /* Assets.xcassets */ = {isa = PBXFileReference; lastKnownFileType = folder.assetcatalog; path = Assets.xcassets; sourceTree = "<group>"; };
		554F71E02641D4AC00E4F684 /* Preview Assets.xcassets */ = {isa = PBXFileReference; lastKnownFileType = folder.assetcatalog; path = "Preview Assets.xcassets"; sourceTree = "<group>"; };
		554F71E22641D4AC00E4F684 /* Info.plist */ = {isa = PBXFileReference; lastKnownFileType = text.plist.xml; path = Info.plist; sourceTree = "<group>"; };
		554F71E72641D4AD00E4F684 /* On lineTests.xctest */ = {isa = PBXFileReference; explicitFileType = wrapper.cfbundle; includeInIndex = 0; path = "On lineTests.xctest"; sourceTree = BUILT_PRODUCTS_DIR; };
		554F71EB2641D4AD00E4F684 /* On_lineTests.swift */ = {isa = PBXFileReference; lastKnownFileType = sourcecode.swift; path = On_lineTests.swift; sourceTree = "<group>"; };
		554F71ED2641D4AD00E4F684 /* Info.plist */ = {isa = PBXFileReference; lastKnownFileType = text.plist.xml; path = Info.plist; sourceTree = "<group>"; };
		554F71F22641D4AD00E4F684 /* On lineUITests.xctest */ = {isa = PBXFileReference; explicitFileType = wrapper.cfbundle; includeInIndex = 0; path = "On lineUITests.xctest"; sourceTree = BUILT_PRODUCTS_DIR; };
		554F71F62641D4AD00E4F684 /* On_lineUITests.swift */ = {isa = PBXFileReference; lastKnownFileType = sourcecode.swift; path = On_lineUITests.swift; sourceTree = "<group>"; };
		554F71F82641D4AD00E4F684 /* Info.plist */ = {isa = PBXFileReference; lastKnownFileType = text.plist.xml; path = Info.plist; sourceTree = "<group>"; };
		55D835DC264B0665002C4EF7 /* ColoredTextView.swift */ = {isa = PBXFileReference; lastKnownFileType = sourcecode.swift; path = ColoredTextView.swift; sourceTree = "<group>"; };
		55D835DF264B167E002C4EF7 /* NavigationBarView.swift */ = {isa = PBXFileReference; lastKnownFileType = sourcecode.swift; path = NavigationBarView.swift; sourceTree = "<group>"; };
		55D835E2264B1748002C4EF7 /* ImageButtonView.swift */ = {isa = PBXFileReference; lastKnownFileType = sourcecode.swift; path = ImageButtonView.swift; sourceTree = "<group>"; };
		8E0D8F23CE3FC40F86C1890C /* Pods-On line.release.xcconfig */ = {isa = PBXFileReference; includeInIndex = 1; lastKnownFileType = text.xcconfig; name = "Pods-On line.release.xcconfig"; path = "Target Support Files/Pods-On line/Pods-On line.release.xcconfig"; sourceTree = "<group>"; };
		CA31AEAB87888F49125A496C /* Pods-On line.debug.xcconfig */ = {isa = PBXFileReference; includeInIndex = 1; lastKnownFileType = text.xcconfig; name = "Pods-On line.debug.xcconfig"; path = "Target Support Files/Pods-On line/Pods-On line.debug.xcconfig"; sourceTree = "<group>"; };
		D1E0C95150A56FB3CB602A91 /* Pods_On_line.framework */ = {isa = PBXFileReference; explicitFileType = wrapper.framework; includeInIndex = 0; path = Pods_On_line.framework; sourceTree = BUILT_PRODUCTS_DIR; };
		F134F8DC264F1041002E46C3 /* ClientsCalledSheet.swift */ = {isa = PBXFileReference; lastKnownFileType = sourcecode.swift; path = ClientsCalledSheet.swift; sourceTree = "<group>"; };
		F134F8DE264F17D0002E46C3 /* ClientCalledView.swift */ = {isa = PBXFileReference; lastKnownFileType = sourcecode.swift; path = ClientCalledView.swift; sourceTree = "<group>"; };
		F162C61A265307CE00C74D75 /* BusinessProfileEditor.swift */ = {isa = PBXFileReference; lastKnownFileType = sourcecode.swift; path = BusinessProfileEditor.swift; sourceTree = "<group>"; };
		F85F7004264DA9BC00EE68F0 /* RestaurantDetails.swift */ = {isa = PBXFileReference; lastKnownFileType = sourcecode.swift; path = RestaurantDetails.swift; sourceTree = "<group>"; };
		F85F7006264DB92800EE68F0 /* ButtonView2.swift */ = {isa = PBXFileReference; lastKnownFileType = sourcecode.swift; path = ButtonView2.swift; sourceTree = "<group>"; };
		F8C4897A2654344F00FF465B /* ButtonView3.swift */ = {isa = PBXFileReference; lastKnownFileType = sourcecode.swift; path = ButtonView3.swift; sourceTree = "<group>"; };
		F8C4897C2654346300FF465B /* ButtonView4.swift */ = {isa = PBXFileReference; lastKnownFileType = sourcecode.swift; path = ButtonView4.swift; sourceTree = "<group>"; };
		F8C4897E265439F000FF465B /* BusinessLine.swift */ = {isa = PBXFileReference; lastKnownFileType = sourcecode.swift; path = BusinessLine.swift; sourceTree = "<group>"; };
/* End PBXFileReference section */

/* Begin PBXFrameworksBuildPhase section */
		34B54CFC2656BA7800C1E039 /* Frameworks */ = {
			isa = PBXFrameworksBuildPhase;
			buildActionMask = 2147483647;
			files = (
			);
			runOnlyForDeploymentPostprocessing = 0;
		};
		554F71D32641D4AC00E4F684 /* Frameworks */ = {
			isa = PBXFrameworksBuildPhase;
			buildActionMask = 2147483647;
			files = (
				BF2BEB0F8ED87226D38CA592 /* Pods_On_line.framework in Frameworks */,
			);
			runOnlyForDeploymentPostprocessing = 0;
		};
		554F71E42641D4AD00E4F684 /* Frameworks */ = {
			isa = PBXFrameworksBuildPhase;
			buildActionMask = 2147483647;
			files = (
			);
			runOnlyForDeploymentPostprocessing = 0;
		};
		554F71EF2641D4AD00E4F684 /* Frameworks */ = {
			isa = PBXFrameworksBuildPhase;
			buildActionMask = 2147483647;
			files = (
			);
			runOnlyForDeploymentPostprocessing = 0;
		};
/* End PBXFrameworksBuildPhase section */

/* Begin PBXGroup section */
		340B7B892644E02700BCA158 /* models */ = {
			isa = PBXGroup;
			children = (
				340B7B8B2644E05700BCA158 /* Business.swift */,
				340B7B8A2644E05700BCA158 /* Client.swift */,
				340B7B8C2644E05700BCA158 /* LinePlace.swift */,
				34EA2894264A0FBD0047E740 /* UserType.swift */,
			);
			path = models;
			sourceTree = "<group>";
		};
		341BBCAD2643605F00A5AE69 /* services */ = {
			isa = PBXGroup;
			children = (
				34B54CEC2655A9A100C1E039 /* push */,
				34E02B05264B09FC0096BBDE /* aws */,
				349BE0E426445FCB00C9D89A /* api */,
				341BBCB6264360E700A5AE69 /* authentication */,
			);
			path = services;
			sourceTree = "<group>";
		};
		341BBCB6264360E700A5AE69 /* authentication */ = {
			isa = PBXGroup;
			children = (
				341BBCAE2643608500A5AE69 /* Authentication.swift */,
			);
			path = authentication;
			sourceTree = "<group>";
		};
		341BBCC32643615D00A5AE69 /* helpers */ = {
			isa = PBXGroup;
			children = (
				349BE15D2644CF1500C9D89A /* TypeAliases.swift */,
			);
			path = helpers;
			sourceTree = "<group>";
		};
		349BE0E426445FCB00C9D89A /* api */ = {
			isa = PBXGroup;
			children = (
				349BE1402644C6FE00C9D89A /* models */,
				349BE13F2644C6F900C9D89A /* clients */,
				349BE0E526445FEF00C9D89A /* Api.swift */,
			);
			path = api;
			sourceTree = "<group>";
		};
		349BE13F2644C6F900C9D89A /* clients */ = {
			isa = PBXGroup;
			children = (
				349BE13726447AE500C9D89A /* BusinessApi.swift */,
				349BE14F2644CBF800C9D89A /* LinePlaceApi.swift */,
				34B54CF52655FF9300C1E039 /* PushNotificationTokenApi.swift */,
			);
			path = clients;
			sourceTree = "<group>";
		};
		349BE1402644C6FE00C9D89A /* models */ = {
			isa = PBXGroup;
			children = (
				349BE1412644C70D00C9D89A /* BusinessModel.swift */,
				349BE1492644C93500C9D89A /* LinePlaceModel.swift */,
				349BE1572644CCE600C9D89A /* TimeEstimativeModel.swift */,
			);
			path = models;
			sourceTree = "<group>";
		};
		34A3B60F264C5B5C00D2D51D /* loader */ = {
			isa = PBXGroup;
			children = (
				34A3B618264C5BAD00D2D51D /* LoaderView.swift */,
			);
			path = loader;
			sourceTree = "<group>";
		};
		34B54CEC2655A9A100C1E039 /* push */ = {
			isa = PBXGroup;
			children = (
				34B54CED2655AA3500C1E039 /* Push.swift */,
			);
			path = push;
			sourceTree = "<group>";
		};
		34B54D002656BA7800C1E039 /* NotificationService */ = {
			isa = PBXGroup;
			children = (
				34B54D1D2656DC7F00C1E039 /* NotificationService.entitlements */,
				34B54D012656BA7800C1E039 /* NotificationService.swift */,
				34B54D032656BA7800C1E039 /* Info.plist */,
			);
			path = NotificationService;
			sourceTree = "<group>";
		};
		34CD7BC9264DA379005B2048 /* states */ = {
			isa = PBXGroup;
			children = (
				34CD7BCA264DA379005B2048 /* SettingsState.swift */,
				34B54D342656F85500C1E039 /* PushNotificationDataState.swift */,
			);
			path = states;
			sourceTree = "<group>";
		};
		34CD7BCF264DDED4005B2048 /* user_type_segmented_control_view */ = {
			isa = PBXGroup;
			children = (
				34CD7BD2264DDF25005B2048 /* UserTypeSegmentedControlView.swift */,
			);
			path = user_type_segmented_control_view;
			sourceTree = "<group>";
		};
		34CD7BD7264DE085005B2048 /* register_view */ = {
			isa = PBXGroup;
			children = (
				34CD7BD8264DE092005B2048 /* RegisterView.swift */,
			);
			path = register_view;
			sourceTree = "<group>";
		};
		34E02AF1264AF23A0096BBDE /* stepper_view */ = {
			isa = PBXGroup;
			children = (
				34E02AF2264AF23A0096BBDE /* StepperView.swift */,
			);
			path = stepper_view;
			sourceTree = "<group>";
		};
		34E02AFD264AF6200096BBDE /* input_view */ = {
			isa = PBXGroup;
			children = (
				34E02AFE264AF6200096BBDE /* TextView.swift */,
				34E02AFF264AF6200096BBDE /* TextViewWrapper.swift */,
			);
			path = input_view;
			sourceTree = "<group>";
		};
		34E02B05264B09FC0096BBDE /* aws */ = {
			isa = PBXGroup;
			children = (
				34E02B06264B0A030096BBDE /* plugins */,
				34E02B20264B0BA10096BBDE /* AWS.swift */,
			);
			path = aws;
			sourceTree = "<group>";
		};
		34E02B06264B0A030096BBDE /* plugins */ = {
			isa = PBXGroup;
			children = (
				34E02B0C264B0A420096BBDE /* api.swift */,
				34E02B1A264B0A700096BBDE /* auth.swift */,
			);
			path = plugins;
			sourceTree = "<group>";
		};
		34EA28362649E2410047E740 /* views */ = {
			isa = PBXGroup;
			children = (
				34EA2862264A0A0C0047E740 /* common */,
				34EA283E2649F5110047E740 /* client */,
				34EA283D2649F50B0047E740 /* business */,
				34EA283C2649F5010047E740 /* login */,
			);
			path = views;
			sourceTree = "<group>";
		};
		34EA283C2649F5010047E740 /* login */ = {
			isa = PBXGroup;
			children = (
				34CD7BD7264DE085005B2048 /* register_view */,
				34EA286D264A0B8E0047E740 /* login_client_register */,
				34EA286C264A0B760047E740 /* login_business_register */,
				34EA284D264A09CA0047E740 /* LoginView.swift */,
			);
			path = login;
			sourceTree = "<group>";
		};
		34EA283D2649F50B0047E740 /* business */ = {
			isa = PBXGroup;
			children = (
				34EA2868264A0A4C0047E740 /* business_profile_tab */,
				34EA2867264A0A3F0047E740 /* business_dashboard_tab */,
				34EA2866264A0A2A0047E740 /* business_clients_in_line_tab */,
				34EA2858264A09FA0047E740 /* BusinessView.swift */,
			);
			path = business;
			sourceTree = "<group>";
		};
		34EA283E2649F5110047E740 /* client */ = {
			isa = PBXGroup;
			children = (
				34EA286B264A0B3B0047E740 /* client_business_list_tab */,
				34EA286A264A0AEA0047E740 /* client_profile_tab */,
				34EA2869264A0A9A0047E740 /* client_line_status_tab */,
				34EA285D264A0A020047E740 /* ClientView.swift */,
			);
			path = client;
			sourceTree = "<group>";
		};
		34EA2862264A0A0C0047E740 /* common */ = {
			isa = PBXGroup;
			children = (
				34CD7BCF264DDED4005B2048 /* user_type_segmented_control_view */,
				34A3B60F264C5B5C00D2D51D /* loader */,
				55D835E1264B16F7002C4EF7 /* image_button */,
				55D835DE264B165E002C4EF7 /* navigation_bar_view */,
				55D835DB264B0615002C4EF7 /* colored_text_view */,
				34E02AFD264AF6200096BBDE /* input_view */,
				34E02AF1264AF23A0096BBDE /* stepper_view */,
				34EA288E264A0EDC0047E740 /* application_view */,
				34EA2888264A0E920047E740 /* button_view */,
			);
			path = common;
			sourceTree = "<group>";
		};
		34EA2866264A0A2A0047E740 /* business_clients_in_line_tab */ = {
			isa = PBXGroup;
			children = (
				34EA28A6264A129A0047E740 /* BusinessDashboardClientsInLine.swift */,
				F8C4897E265439F000FF465B /* BusinessLine.swift */,
			);
			path = business_clients_in_line_tab;
			sourceTree = "<group>";
		};
		34EA2867264A0A3F0047E740 /* business_dashboard_tab */ = {
			isa = PBXGroup;
			children = (
				34EA28A1264A12600047E740 /* BusinessDashboardTab.swift */,
				F134F8DC264F1041002E46C3 /* ClientsCalledSheet.swift */,
				F134F8DE264F17D0002E46C3 /* ClientCalledView.swift */,
			);
			path = business_dashboard_tab;
			sourceTree = "<group>";
		};
		34EA2868264A0A4C0047E740 /* business_profile_tab */ = {
			isa = PBXGroup;
			children = (
				34EA2899264A11FF0047E740 /* BusinessProfileTabView.swift */,
				F162C61A265307CE00C74D75 /* BusinessProfileEditor.swift */,
			);
			path = business_profile_tab;
			sourceTree = "<group>";
		};
		34EA2869264A0A9A0047E740 /* client_line_status_tab */ = {
			isa = PBXGroup;
			children = (
				34EA28AB264A13920047E740 /* ClientLineStatusTab.swift */,
			);
			path = client_line_status_tab;
			sourceTree = "<group>";
		};
		34EA286A264A0AEA0047E740 /* client_profile_tab */ = {
			isa = PBXGroup;
			children = (
				34EA28B0264A13C30047E740 /* ClientProfileTab.swift */,
				553F7BDF264EB95D00053383 /* ClientProfileTabView.swift */,
			);
			path = client_profile_tab;
			sourceTree = "<group>";
		};
		34EA286B264A0B3B0047E740 /* client_business_list_tab */ = {
			isa = PBXGroup;
			children = (
				34EA28B5264A16400047E740 /* ClientBusinessListTab.swift */,
				55409261264C4850004E6D9B /* ClientCardView.swift */,
				F85F7004264DA9BC00EE68F0 /* RestaurantDetails.swift */,
			);
			path = client_business_list_tab;
			sourceTree = "<group>";
		};
		34EA286C264A0B760047E740 /* login_business_register */ = {
			isa = PBXGroup;
			children = (
				34EA28BF264A181E0047E740 /* LoginBusinessRegister.swift */,
			);
			path = login_business_register;
			sourceTree = "<group>";
		};
		34EA286D264A0B8E0047E740 /* login_client_register */ = {
			isa = PBXGroup;
			children = (
				34EA28BA264A18150047E740 /* LoginClientRegister.swift */,
			);
			path = login_client_register;
			sourceTree = "<group>";
		};
		34EA2888264A0E920047E740 /* button_view */ = {
			isa = PBXGroup;
			children = (
				34EA2889264A0E920047E740 /* ButtonView.swift */,
				F85F7006264DB92800EE68F0 /* ButtonView2.swift */,
				F8C4897A2654344F00FF465B /* ButtonView3.swift */,
				F8C4897C2654346300FF465B /* ButtonView4.swift */,
			);
			path = button_view;
			sourceTree = "<group>";
		};
		34EA288E264A0EDC0047E740 /* application_view */ = {
			isa = PBXGroup;
			children = (
				34EA288F264A0EEC0047E740 /* ApplicationView.swift */,
			);
			path = application_view;
			sourceTree = "<group>";
		};
		554F71CD2641D4AC00E4F684 = {
			isa = PBXGroup;
			children = (
				554F71D82641D4AC00E4F684 /* On line */,
				554F71EA2641D4AD00E4F684 /* On lineTests */,
				554F71F52641D4AD00E4F684 /* On lineUITests */,
				34B54D002656BA7800C1E039 /* NotificationService */,
				554F71D72641D4AC00E4F684 /* Products */,
				89917ABC60929C5316C8C76F /* Pods */,
				ABFC88060C034D0BC948129A /* Frameworks */,
			);
			sourceTree = "<group>";
		};
		554F71D72641D4AC00E4F684 /* Products */ = {
			isa = PBXGroup;
			children = (
				554F71D62641D4AC00E4F684 /* On line.app */,
				554F71E72641D4AD00E4F684 /* On lineTests.xctest */,
				554F71F22641D4AD00E4F684 /* On lineUITests.xctest */,
				34B54CFF2656BA7800C1E039 /* NotificationService.appex */,
			);
			name = Products;
			sourceTree = "<group>";
		};
		554F71D82641D4AC00E4F684 /* On line */ = {
			isa = PBXGroup;
			children = (
				345BE8BB26558BB800AAC7BF /* On line.entitlements */,
				34CD7BC9264DA379005B2048 /* states */,
				34EA28362649E2410047E740 /* views */,
				340B7B892644E02700BCA158 /* models */,
				341BBCC32643615D00A5AE69 /* helpers */,
				341BBCAD2643605F00A5AE69 /* services */,
				554F71D92641D4AC00E4F684 /* On_lineApp.swift */,
				554F71DB2641D4AC00E4F684 /* ContentView.swift */,
				554F71DD2641D4AC00E4F684 /* Assets.xcassets */,
				554F71E22641D4AC00E4F684 /* Info.plist */,
				554F71DF2641D4AC00E4F684 /* Preview Content */,
				341BBCA82643559600A5AE69 /* AppDelegate.swift */,
			);
			path = "On line";
			sourceTree = "<group>";
		};
		554F71DF2641D4AC00E4F684 /* Preview Content */ = {
			isa = PBXGroup;
			children = (
				554F71E02641D4AC00E4F684 /* Preview Assets.xcassets */,
			);
			path = "Preview Content";
			sourceTree = "<group>";
		};
		554F71EA2641D4AD00E4F684 /* On lineTests */ = {
			isa = PBXGroup;
			children = (
				554F71EB2641D4AD00E4F684 /* On_lineTests.swift */,
				554F71ED2641D4AD00E4F684 /* Info.plist */,
			);
			path = "On lineTests";
			sourceTree = "<group>";
		};
		554F71F52641D4AD00E4F684 /* On lineUITests */ = {
			isa = PBXGroup;
			children = (
				554F71F62641D4AD00E4F684 /* On_lineUITests.swift */,
				554F71F82641D4AD00E4F684 /* Info.plist */,
			);
			path = "On lineUITests";
			sourceTree = "<group>";
		};
		55D835DB264B0615002C4EF7 /* colored_text_view */ = {
			isa = PBXGroup;
			children = (
				55D835DC264B0665002C4EF7 /* ColoredTextView.swift */,
			);
			path = colored_text_view;
			sourceTree = "<group>";
		};
		55D835DE264B165E002C4EF7 /* navigation_bar_view */ = {
			isa = PBXGroup;
			children = (
				55D835DF264B167E002C4EF7 /* NavigationBarView.swift */,
			);
			path = navigation_bar_view;
			sourceTree = "<group>";
		};
		55D835E1264B16F7002C4EF7 /* image_button */ = {
			isa = PBXGroup;
			children = (
				55D835E2264B1748002C4EF7 /* ImageButtonView.swift */,
			);
			path = image_button;
			sourceTree = "<group>";
		};
		89917ABC60929C5316C8C76F /* Pods */ = {
			isa = PBXGroup;
			children = (
				CA31AEAB87888F49125A496C /* Pods-On line.debug.xcconfig */,
				8E0D8F23CE3FC40F86C1890C /* Pods-On line.release.xcconfig */,
			);
			path = Pods;
			sourceTree = "<group>";
		};
		ABFC88060C034D0BC948129A /* Frameworks */ = {
			isa = PBXGroup;
			children = (
				D1E0C95150A56FB3CB602A91 /* Pods_On_line.framework */,
			);
			name = Frameworks;
			sourceTree = "<group>";
		};
/* End PBXGroup section */

/* Begin PBXNativeTarget section */
		34B54CFE2656BA7800C1E039 /* NotificationService */ = {
			isa = PBXNativeTarget;
			buildConfigurationList = 34B54D072656BA7800C1E039 /* Build configuration list for PBXNativeTarget "NotificationService" */;
			buildPhases = (
				34B54CFB2656BA7800C1E039 /* Sources */,
				34B54CFC2656BA7800C1E039 /* Frameworks */,
				34B54CFD2656BA7800C1E039 /* Resources */,
			);
			buildRules = (
			);
			dependencies = (
			);
			name = NotificationService;
			productName = NotificationService;
			productReference = 34B54CFF2656BA7800C1E039 /* NotificationService.appex */;
			productType = "com.apple.product-type.app-extension";
		};
		554F71D52641D4AC00E4F684 /* On line */ = {
			isa = PBXNativeTarget;
			buildConfigurationList = 554F71FB2641D4AD00E4F684 /* Build configuration list for PBXNativeTarget "On line" */;
			buildPhases = (
				1F44919DBF1D0D78751AEB2E /* [CP] Check Pods Manifest.lock */,
				554F71D22641D4AC00E4F684 /* Sources */,
				554F71D32641D4AC00E4F684 /* Frameworks */,
				554F71D42641D4AC00E4F684 /* Resources */,
				6B311278A8A2A7F96A988838 /* [CP] Embed Pods Frameworks */,
				34B54D0A2656BA7800C1E039 /* Embed App Extensions */,
			);
			buildRules = (
			);
			dependencies = (
				34B54D052656BA7800C1E039 /* PBXTargetDependency */,
			);
			name = "On line";
			packageProductDependencies = (
			);
			productName = "On line";
			productReference = 554F71D62641D4AC00E4F684 /* On line.app */;
			productType = "com.apple.product-type.application";
		};
		554F71E62641D4AD00E4F684 /* On lineTests */ = {
			isa = PBXNativeTarget;
			buildConfigurationList = 554F71FE2641D4AD00E4F684 /* Build configuration list for PBXNativeTarget "On lineTests" */;
			buildPhases = (
				554F71E32641D4AD00E4F684 /* Sources */,
				554F71E42641D4AD00E4F684 /* Frameworks */,
				554F71E52641D4AD00E4F684 /* Resources */,
			);
			buildRules = (
			);
			dependencies = (
				554F71E92641D4AD00E4F684 /* PBXTargetDependency */,
			);
			name = "On lineTests";
			productName = "On lineTests";
			productReference = 554F71E72641D4AD00E4F684 /* On lineTests.xctest */;
			productType = "com.apple.product-type.bundle.unit-test";
		};
		554F71F12641D4AD00E4F684 /* On lineUITests */ = {
			isa = PBXNativeTarget;
			buildConfigurationList = 554F72012641D4AD00E4F684 /* Build configuration list for PBXNativeTarget "On lineUITests" */;
			buildPhases = (
				554F71EE2641D4AD00E4F684 /* Sources */,
				554F71EF2641D4AD00E4F684 /* Frameworks */,
				554F71F02641D4AD00E4F684 /* Resources */,
			);
			buildRules = (
			);
			dependencies = (
				554F71F42641D4AD00E4F684 /* PBXTargetDependency */,
			);
			name = "On lineUITests";
			productName = "On lineUITests";
			productReference = 554F71F22641D4AD00E4F684 /* On lineUITests.xctest */;
			productType = "com.apple.product-type.bundle.ui-testing";
		};
/* End PBXNativeTarget section */

/* Begin PBXProject section */
		554F71CE2641D4AC00E4F684 /* Project object */ = {
			isa = PBXProject;
			attributes = {
				LastSwiftUpdateCheck = 1240;
				LastUpgradeCheck = 1240;
				TargetAttributes = {
					34B54CFE2656BA7800C1E039 = {
						CreatedOnToolsVersion = 12.4;
					};
					554F71D52641D4AC00E4F684 = {
						CreatedOnToolsVersion = 12.5;
					};
					554F71E62641D4AD00E4F684 = {
						CreatedOnToolsVersion = 12.5;
						TestTargetID = 554F71D52641D4AC00E4F684;
					};
					554F71F12641D4AD00E4F684 = {
						CreatedOnToolsVersion = 12.5;
						TestTargetID = 554F71D52641D4AC00E4F684;
					};
				};
			};
			buildConfigurationList = 554F71D12641D4AC00E4F684 /* Build configuration list for PBXProject "On line" */;
			compatibilityVersion = "Xcode 9.3";
			developmentRegion = en;
			hasScannedForEncodings = 0;
			knownRegions = (
				en,
				Base,
			);
			mainGroup = 554F71CD2641D4AC00E4F684;
			packageReferences = (
			);
			productRefGroup = 554F71D72641D4AC00E4F684 /* Products */;
			projectDirPath = "";
			projectRoot = "";
			targets = (
				554F71D52641D4AC00E4F684 /* On line */,
				554F71E62641D4AD00E4F684 /* On lineTests */,
				554F71F12641D4AD00E4F684 /* On lineUITests */,
				34B54CFE2656BA7800C1E039 /* NotificationService */,
			);
		};
/* End PBXProject section */

/* Begin PBXResourcesBuildPhase section */
		34B54CFD2656BA7800C1E039 /* Resources */ = {
			isa = PBXResourcesBuildPhase;
			buildActionMask = 2147483647;
			files = (
			);
			runOnlyForDeploymentPostprocessing = 0;
		};
		554F71D42641D4AC00E4F684 /* Resources */ = {
			isa = PBXResourcesBuildPhase;
			buildActionMask = 2147483647;
			files = (
				554F71E12641D4AC00E4F684 /* Preview Assets.xcassets in Resources */,
				554F71DE2641D4AC00E4F684 /* Assets.xcassets in Resources */,
			);
			runOnlyForDeploymentPostprocessing = 0;
		};
		554F71E52641D4AD00E4F684 /* Resources */ = {
			isa = PBXResourcesBuildPhase;
			buildActionMask = 2147483647;
			files = (
			);
			runOnlyForDeploymentPostprocessing = 0;
		};
		554F71F02641D4AD00E4F684 /* Resources */ = {
			isa = PBXResourcesBuildPhase;
			buildActionMask = 2147483647;
			files = (
			);
			runOnlyForDeploymentPostprocessing = 0;
		};
/* End PBXResourcesBuildPhase section */

/* Begin PBXShellScriptBuildPhase section */
		1F44919DBF1D0D78751AEB2E /* [CP] Check Pods Manifest.lock */ = {
			isa = PBXShellScriptBuildPhase;
			buildActionMask = 2147483647;
			files = (
			);
			inputFileListPaths = (
			);
			inputPaths = (
				"${PODS_PODFILE_DIR_PATH}/Podfile.lock",
				"${PODS_ROOT}/Manifest.lock",
			);
			name = "[CP] Check Pods Manifest.lock";
			outputFileListPaths = (
			);
			outputPaths = (
				"$(DERIVED_FILE_DIR)/Pods-On line-checkManifestLockResult.txt",
			);
			runOnlyForDeploymentPostprocessing = 0;
			shellPath = /bin/sh;
			shellScript = "diff \"${PODS_PODFILE_DIR_PATH}/Podfile.lock\" \"${PODS_ROOT}/Manifest.lock\" > /dev/null\nif [ $? != 0 ] ; then\n    # print error to STDERR\n    echo \"error: The sandbox is not in sync with the Podfile.lock. Run 'pod install' or update your CocoaPods installation.\" >&2\n    exit 1\nfi\n# This output is used by Xcode 'outputs' to avoid re-running this script phase.\necho \"SUCCESS\" > \"${SCRIPT_OUTPUT_FILE_0}\"\n";
			showEnvVarsInLog = 0;
		};
		6B311278A8A2A7F96A988838 /* [CP] Embed Pods Frameworks */ = {
			isa = PBXShellScriptBuildPhase;
			buildActionMask = 2147483647;
			files = (
			);
			inputFileListPaths = (
				"${PODS_ROOT}/Target Support Files/Pods-On line/Pods-On line-frameworks-${CONFIGURATION}-input-files.xcfilelist",
			);
			name = "[CP] Embed Pods Frameworks";
			outputFileListPaths = (
				"${PODS_ROOT}/Target Support Files/Pods-On line/Pods-On line-frameworks-${CONFIGURATION}-output-files.xcfilelist",
			);
			runOnlyForDeploymentPostprocessing = 0;
			shellPath = /bin/sh;
			shellScript = "\"${PODS_ROOT}/Target Support Files/Pods-On line/Pods-On line-frameworks.sh\"\n";
			showEnvVarsInLog = 0;
		};
/* End PBXShellScriptBuildPhase section */

/* Begin PBXSourcesBuildPhase section */
		34B54CFB2656BA7800C1E039 /* Sources */ = {
			isa = PBXSourcesBuildPhase;
			buildActionMask = 2147483647;
			files = (
				34B54D022656BA7800C1E039 /* NotificationService.swift in Sources */,
			);
			runOnlyForDeploymentPostprocessing = 0;
		};
		554F71D22641D4AC00E4F684 /* Sources */ = {
			isa = PBXSourcesBuildPhase;
			buildActionMask = 2147483647;
			files = (
				34CD7BD9264DE092005B2048 /* RegisterView.swift in Sources */,
				340B7B8E2644E05700BCA158 /* Business.swift in Sources */,
				340B7B8F2644E05700BCA158 /* LinePlace.swift in Sources */,
				55D835E0264B167E002C4EF7 /* NavigationBarView.swift in Sources */,
				349BE15E2644CF1500C9D89A /* TypeAliases.swift in Sources */,
				34E02AF3264AF23A0096BBDE /* StepperView.swift in Sources */,
				F85F7005264DA9BC00EE68F0 /* RestaurantDetails.swift in Sources */,
				F85F7007264DB92800EE68F0 /* ButtonView2.swift in Sources */,
				34E02B01264AF6200096BBDE /* TextViewWrapper.swift in Sources */,
				341BBCA92643559600A5AE69 /* AppDelegate.swift in Sources */,
				34CD7BCB264DA379005B2048 /* SettingsState.swift in Sources */,
				55409262264C4850004E6D9B /* ClientCardView.swift in Sources */,
				34B54D352656F85500C1E039 /* PushNotificationDataState.swift in Sources */,
				340B7B8D2644E05700BCA158 /* Client.swift in Sources */,
				554F71DC2641D4AC00E4F684 /* ContentView.swift in Sources */,
				F8C4897B2654344F00FF465B /* ButtonView3.swift in Sources */,
				34EA2895264A0FBD0047E740 /* UserType.swift in Sources */,
				55D835E3264B1748002C4EF7 /* ImageButtonView.swift in Sources */,
				34EA28BB264A18150047E740 /* LoginClientRegister.swift in Sources */,
				34E02B00264AF6200096BBDE /* TextView.swift in Sources */,
				34EA28C0264A181E0047E740 /* LoginBusinessRegister.swift in Sources */,
				34EA289A264A11FF0047E740 /* BusinessProfileTabView.swift in Sources */,
				34B54CEE2655AA3500C1E039 /* Push.swift in Sources */,
				F134F8DF264F17D0002E46C3 /* ClientCalledView.swift in Sources */,
				34EA28A7264A129A0047E740 /* BusinessDashboardClientsInLine.swift in Sources */,
				349BE1502644CBF800C9D89A /* LinePlaceApi.swift in Sources */,
				349BE13826447AE500C9D89A /* BusinessApi.swift in Sources */,
				F8C4897F265439F000FF465B /* BusinessLine.swift in Sources */,
				F8C4897D2654346300FF465B /* ButtonView4.swift in Sources */,
				34EA288A264A0E920047E740 /* ButtonView.swift in Sources */,
				34CD7BD3264DDF25005B2048 /* UserTypeSegmentedControlView.swift in Sources */,
				34E02B0D264B0A420096BBDE /* api.swift in Sources */,
				349BE1422644C70D00C9D89A /* BusinessModel.swift in Sources */,
				34E02B21264B0BA10096BBDE /* AWS.swift in Sources */,
				34EA28A2264A12600047E740 /* BusinessDashboardTab.swift in Sources */,
				34B54CF62655FF9300C1E039 /* PushNotificationTokenApi.swift in Sources */,
				34EA2890264A0EEC0047E740 /* ApplicationView.swift in Sources */,
				34EA284E264A09CA0047E740 /* LoginView.swift in Sources */,
				34E02B1B264B0A700096BBDE /* auth.swift in Sources */,
				34EA28B1264A13C30047E740 /* ClientProfileTab.swift in Sources */,
				34EA2859264A09FA0047E740 /* BusinessView.swift in Sources */,
				554F71DA2641D4AC00E4F684 /* On_lineApp.swift in Sources */,
				553F7BE0264EB95D00053383 /* ClientProfileTabView.swift in Sources */,
				55D835DD264B0665002C4EF7 /* ColoredTextView.swift in Sources */,
				341BBCAF2643608500A5AE69 /* Authentication.swift in Sources */,
				F134F8DD264F1041002E46C3 /* ClientsCalledSheet.swift in Sources */,
				F162C61B265307CE00C74D75 /* BusinessProfileEditor.swift in Sources */,
				34EA285E264A0A020047E740 /* ClientView.swift in Sources */,
				349BE0E626445FEF00C9D89A /* Api.swift in Sources */,
				349BE1582644CCE600C9D89A /* TimeEstimativeModel.swift in Sources */,
				34A3B619264C5BAD00D2D51D /* LoaderView.swift in Sources */,
				34EA28AC264A13920047E740 /* ClientLineStatusTab.swift in Sources */,
				34EA28B6264A16400047E740 /* ClientBusinessListTab.swift in Sources */,
				349BE14A2644C93500C9D89A /* LinePlaceModel.swift in Sources */,
			);
			runOnlyForDeploymentPostprocessing = 0;
		};
		554F71E32641D4AD00E4F684 /* Sources */ = {
			isa = PBXSourcesBuildPhase;
			buildActionMask = 2147483647;
			files = (
				554F71EC2641D4AD00E4F684 /* On_lineTests.swift in Sources */,
			);
			runOnlyForDeploymentPostprocessing = 0;
		};
		554F71EE2641D4AD00E4F684 /* Sources */ = {
			isa = PBXSourcesBuildPhase;
			buildActionMask = 2147483647;
			files = (
				554F71F72641D4AD00E4F684 /* On_lineUITests.swift in Sources */,
			);
			runOnlyForDeploymentPostprocessing = 0;
		};
/* End PBXSourcesBuildPhase section */

/* Begin PBXTargetDependency section */
		34B54D052656BA7800C1E039 /* PBXTargetDependency */ = {
			isa = PBXTargetDependency;
			target = 34B54CFE2656BA7800C1E039 /* NotificationService */;
			targetProxy = 34B54D042656BA7800C1E039 /* PBXContainerItemProxy */;
		};
		554F71E92641D4AD00E4F684 /* PBXTargetDependency */ = {
			isa = PBXTargetDependency;
			target = 554F71D52641D4AC00E4F684 /* On line */;
			targetProxy = 554F71E82641D4AD00E4F684 /* PBXContainerItemProxy */;
		};
		554F71F42641D4AD00E4F684 /* PBXTargetDependency */ = {
			isa = PBXTargetDependency;
			target = 554F71D52641D4AC00E4F684 /* On line */;
			targetProxy = 554F71F32641D4AD00E4F684 /* PBXContainerItemProxy */;
		};
/* End PBXTargetDependency section */

/* Begin XCBuildConfiguration section */
		34B54D082656BA7800C1E039 /* Debug */ = {
			isa = XCBuildConfiguration;
			buildSettings = {
				CODE_SIGN_ENTITLEMENTS = NotificationService/NotificationService.entitlements;
				CODE_SIGN_IDENTITY = "Apple Development";
				CODE_SIGN_STYLE = Automatic;
				DEVELOPMENT_TEAM = R5QH5STGGP;
				INFOPLIST_FILE = NotificationService/Info.plist;
				IPHONEOS_DEPLOYMENT_TARGET = 14.4;
				LD_RUNPATH_SEARCH_PATHS = (
					"$(inherited)",
					"@executable_path/Frameworks",
					"@executable_path/../../Frameworks",
				);
				PRODUCT_BUNDLE_IDENTIFIER = com.zaitty.ios.NotificationService;
				PRODUCT_NAME = "$(TARGET_NAME)";
				SKIP_INSTALL = YES;
				SWIFT_VERSION = 5.0;
				TARGETED_DEVICE_FAMILY = "1,2";
			};
			name = Debug;
		};
		34B54D092656BA7800C1E039 /* Release */ = {
			isa = XCBuildConfiguration;
			buildSettings = {
				CODE_SIGN_ENTITLEMENTS = NotificationService/NotificationService.entitlements;
				CODE_SIGN_IDENTITY = "Apple Development";
				CODE_SIGN_STYLE = Automatic;
				DEVELOPMENT_TEAM = R5QH5STGGP;
				INFOPLIST_FILE = NotificationService/Info.plist;
				IPHONEOS_DEPLOYMENT_TARGET = 14.4;
				LD_RUNPATH_SEARCH_PATHS = (
					"$(inherited)",
					"@executable_path/Frameworks",
					"@executable_path/../../Frameworks",
				);
				PRODUCT_BUNDLE_IDENTIFIER = com.zaitty.ios.NotificationService;
				PRODUCT_NAME = "$(TARGET_NAME)";
				SKIP_INSTALL = YES;
				SWIFT_VERSION = 5.0;
				TARGETED_DEVICE_FAMILY = "1,2";
			};
			name = Release;
		};
		554F71F92641D4AD00E4F684 /* Debug */ = {
			isa = XCBuildConfiguration;
			buildSettings = {
				ALWAYS_SEARCH_USER_PATHS = NO;
				CLANG_ANALYZER_NONNULL = YES;
				CLANG_ANALYZER_NUMBER_OBJECT_CONVERSION = YES_AGGRESSIVE;
				CLANG_CXX_LANGUAGE_STANDARD = "gnu++14";
				CLANG_CXX_LIBRARY = "libc++";
				CLANG_ENABLE_MODULES = YES;
				CLANG_ENABLE_OBJC_ARC = YES;
				CLANG_ENABLE_OBJC_WEAK = YES;
				CLANG_WARN_BLOCK_CAPTURE_AUTORELEASING = YES;
				CLANG_WARN_BOOL_CONVERSION = YES;
				CLANG_WARN_COMMA = YES;
				CLANG_WARN_CONSTANT_CONVERSION = YES;
				CLANG_WARN_DEPRECATED_OBJC_IMPLEMENTATIONS = YES;
				CLANG_WARN_DIRECT_OBJC_ISA_USAGE = YES_ERROR;
				CLANG_WARN_DOCUMENTATION_COMMENTS = YES;
				CLANG_WARN_EMPTY_BODY = YES;
				CLANG_WARN_ENUM_CONVERSION = YES;
				CLANG_WARN_INFINITE_RECURSION = YES;
				CLANG_WARN_INT_CONVERSION = YES;
				CLANG_WARN_NON_LITERAL_NULL_CONVERSION = YES;
				CLANG_WARN_OBJC_IMPLICIT_RETAIN_SELF = YES;
				CLANG_WARN_OBJC_LITERAL_CONVERSION = YES;
				CLANG_WARN_OBJC_ROOT_CLASS = YES_ERROR;
				CLANG_WARN_QUOTED_INCLUDE_IN_FRAMEWORK_HEADER = YES;
				CLANG_WARN_RANGE_LOOP_ANALYSIS = YES;
				CLANG_WARN_STRICT_PROTOTYPES = YES;
				CLANG_WARN_SUSPICIOUS_MOVE = YES;
				CLANG_WARN_UNGUARDED_AVAILABILITY = YES_AGGRESSIVE;
				CLANG_WARN_UNREACHABLE_CODE = YES;
				CLANG_WARN__DUPLICATE_METHOD_MATCH = YES;
				COPY_PHASE_STRIP = NO;
				DEBUG_INFORMATION_FORMAT = dwarf;
				ENABLE_STRICT_OBJC_MSGSEND = YES;
				ENABLE_TESTABILITY = YES;
				GCC_C_LANGUAGE_STANDARD = gnu11;
				GCC_DYNAMIC_NO_PIC = NO;
				GCC_NO_COMMON_BLOCKS = YES;
				GCC_OPTIMIZATION_LEVEL = 0;
				GCC_PREPROCESSOR_DEFINITIONS = (
					"DEBUG=1",
					"$(inherited)",
				);
				GCC_WARN_64_TO_32_BIT_CONVERSION = YES;
				GCC_WARN_ABOUT_RETURN_TYPE = YES_ERROR;
				GCC_WARN_UNDECLARED_SELECTOR = YES;
				GCC_WARN_UNINITIALIZED_AUTOS = YES_AGGRESSIVE;
				GCC_WARN_UNUSED_FUNCTION = YES;
				GCC_WARN_UNUSED_VARIABLE = YES;
				IPHONEOS_DEPLOYMENT_TARGET = 14.4;
				MTL_ENABLE_DEBUG_INFO = INCLUDE_SOURCE;
				MTL_FAST_MATH = YES;
				ONLY_ACTIVE_ARCH = YES;
				SDKROOT = iphoneos;
				SWIFT_ACTIVE_COMPILATION_CONDITIONS = DEBUG;
				SWIFT_OPTIMIZATION_LEVEL = "-Onone";
			};
			name = Debug;
		};
		554F71FA2641D4AD00E4F684 /* Release */ = {
			isa = XCBuildConfiguration;
			buildSettings = {
				ALWAYS_SEARCH_USER_PATHS = NO;
				CLANG_ANALYZER_NONNULL = YES;
				CLANG_ANALYZER_NUMBER_OBJECT_CONVERSION = YES_AGGRESSIVE;
				CLANG_CXX_LANGUAGE_STANDARD = "gnu++14";
				CLANG_CXX_LIBRARY = "libc++";
				CLANG_ENABLE_MODULES = YES;
				CLANG_ENABLE_OBJC_ARC = YES;
				CLANG_ENABLE_OBJC_WEAK = YES;
				CLANG_WARN_BLOCK_CAPTURE_AUTORELEASING = YES;
				CLANG_WARN_BOOL_CONVERSION = YES;
				CLANG_WARN_COMMA = YES;
				CLANG_WARN_CONSTANT_CONVERSION = YES;
				CLANG_WARN_DEPRECATED_OBJC_IMPLEMENTATIONS = YES;
				CLANG_WARN_DIRECT_OBJC_ISA_USAGE = YES_ERROR;
				CLANG_WARN_DOCUMENTATION_COMMENTS = YES;
				CLANG_WARN_EMPTY_BODY = YES;
				CLANG_WARN_ENUM_CONVERSION = YES;
				CLANG_WARN_INFINITE_RECURSION = YES;
				CLANG_WARN_INT_CONVERSION = YES;
				CLANG_WARN_NON_LITERAL_NULL_CONVERSION = YES;
				CLANG_WARN_OBJC_IMPLICIT_RETAIN_SELF = YES;
				CLANG_WARN_OBJC_LITERAL_CONVERSION = YES;
				CLANG_WARN_OBJC_ROOT_CLASS = YES_ERROR;
				CLANG_WARN_QUOTED_INCLUDE_IN_FRAMEWORK_HEADER = YES;
				CLANG_WARN_RANGE_LOOP_ANALYSIS = YES;
				CLANG_WARN_STRICT_PROTOTYPES = YES;
				CLANG_WARN_SUSPICIOUS_MOVE = YES;
				CLANG_WARN_UNGUARDED_AVAILABILITY = YES_AGGRESSIVE;
				CLANG_WARN_UNREACHABLE_CODE = YES;
				CLANG_WARN__DUPLICATE_METHOD_MATCH = YES;
				COPY_PHASE_STRIP = NO;
				DEBUG_INFORMATION_FORMAT = "dwarf-with-dsym";
				ENABLE_NS_ASSERTIONS = NO;
				ENABLE_STRICT_OBJC_MSGSEND = YES;
				GCC_C_LANGUAGE_STANDARD = gnu11;
				GCC_NO_COMMON_BLOCKS = YES;
				GCC_WARN_64_TO_32_BIT_CONVERSION = YES;
				GCC_WARN_ABOUT_RETURN_TYPE = YES_ERROR;
				GCC_WARN_UNDECLARED_SELECTOR = YES;
				GCC_WARN_UNINITIALIZED_AUTOS = YES_AGGRESSIVE;
				GCC_WARN_UNUSED_FUNCTION = YES;
				GCC_WARN_UNUSED_VARIABLE = YES;
				IPHONEOS_DEPLOYMENT_TARGET = 14.4;
				MTL_ENABLE_DEBUG_INFO = NO;
				MTL_FAST_MATH = YES;
				SDKROOT = iphoneos;
				SWIFT_COMPILATION_MODE = wholemodule;
				SWIFT_OPTIMIZATION_LEVEL = "-O";
				VALIDATE_PRODUCT = YES;
			};
			name = Release;
		};
		554F71FC2641D4AD00E4F684 /* Debug */ = {
			isa = XCBuildConfiguration;
			baseConfigurationReference = CA31AEAB87888F49125A496C /* Pods-On line.debug.xcconfig */;
			buildSettings = {
				ALWAYS_EMBED_SWIFT_STANDARD_LIBRARIES = YES;
				ASSETCATALOG_COMPILER_APPICON_NAME = AppIcon;
				ASSETCATALOG_COMPILER_GLOBAL_ACCENT_COLOR_NAME = AccentColor;
				CODE_SIGN_ENTITLEMENTS = "On line/On line.entitlements";
				CODE_SIGN_IDENTITY = "Apple Development";
				CODE_SIGN_STYLE = Automatic;
				DEVELOPMENT_ASSET_PATHS = "\"On line/Preview Content\"";
				DEVELOPMENT_TEAM = R5QH5STGGP;
				ENABLE_PREVIEWS = YES;
				INFOPLIST_FILE = "On line/Info.plist";
				IPHONEOS_DEPLOYMENT_TARGET = 14.0;
				LD_RUNPATH_SEARCH_PATHS = (
					"$(inherited)",
					"@executable_path/Frameworks",
				);
				PRODUCT_BUNDLE_IDENTIFIER = com.zaitty.ios;
				PRODUCT_NAME = "$(TARGET_NAME)";
				PROVISIONING_PROFILE_SPECIFIER = "";
				SWIFT_VERSION = 5.0;
				TARGETED_DEVICE_FAMILY = "1,2";
			};
			name = Debug;
		};
		554F71FD2641D4AD00E4F684 /* Release */ = {
			isa = XCBuildConfiguration;
			baseConfigurationReference = 8E0D8F23CE3FC40F86C1890C /* Pods-On line.release.xcconfig */;
			buildSettings = {
				ALWAYS_EMBED_SWIFT_STANDARD_LIBRARIES = YES;
				ASSETCATALOG_COMPILER_APPICON_NAME = AppIcon;
				ASSETCATALOG_COMPILER_GLOBAL_ACCENT_COLOR_NAME = AccentColor;
				CODE_SIGN_ENTITLEMENTS = "On line/On line.entitlements";
				CODE_SIGN_IDENTITY = "Apple Development";
				CODE_SIGN_STYLE = Automatic;
				DEVELOPMENT_ASSET_PATHS = "\"On line/Preview Content\"";
				DEVELOPMENT_TEAM = R5QH5STGGP;
				ENABLE_PREVIEWS = YES;
				INFOPLIST_FILE = "On line/Info.plist";
				IPHONEOS_DEPLOYMENT_TARGET = 14.0;
				LD_RUNPATH_SEARCH_PATHS = (
					"$(inherited)",
					"@executable_path/Frameworks",
				);
				PRODUCT_BUNDLE_IDENTIFIER = com.zaitty.ios;
				PRODUCT_NAME = "$(TARGET_NAME)";
				PROVISIONING_PROFILE_SPECIFIER = "";
				SWIFT_VERSION = 5.0;
				TARGETED_DEVICE_FAMILY = "1,2";
			};
			name = Release;
		};
		554F71FF2641D4AD00E4F684 /* Debug */ = {
			isa = XCBuildConfiguration;
			buildSettings = {
				ALWAYS_EMBED_SWIFT_STANDARD_LIBRARIES = YES;
				BUNDLE_LOADER = "$(TEST_HOST)";
				CODE_SIGN_STYLE = Automatic;
				DEVELOPMENT_TEAM = R5QH5STGGP;
				INFOPLIST_FILE = "On lineTests/Info.plist";
				IPHONEOS_DEPLOYMENT_TARGET = 14.0;
				LD_RUNPATH_SEARCH_PATHS = (
					"$(inherited)",
					"@executable_path/Frameworks",
					"@loader_path/Frameworks",
				);
				PRODUCT_BUNDLE_IDENTIFIER = "line-application.On-lineTests";
				PRODUCT_NAME = "$(TARGET_NAME)";
				SWIFT_VERSION = 5.0;
				TARGETED_DEVICE_FAMILY = "1,2";
				TEST_HOST = "$(BUILT_PRODUCTS_DIR)/On line.app/On line";
			};
			name = Debug;
		};
		554F72002641D4AD00E4F684 /* Release */ = {
			isa = XCBuildConfiguration;
			buildSettings = {
				ALWAYS_EMBED_SWIFT_STANDARD_LIBRARIES = YES;
				BUNDLE_LOADER = "$(TEST_HOST)";
				CODE_SIGN_STYLE = Automatic;
				DEVELOPMENT_TEAM = R5QH5STGGP;
				INFOPLIST_FILE = "On lineTests/Info.plist";
				IPHONEOS_DEPLOYMENT_TARGET = 14.0;
				LD_RUNPATH_SEARCH_PATHS = (
					"$(inherited)",
					"@executable_path/Frameworks",
					"@loader_path/Frameworks",
				);
				PRODUCT_BUNDLE_IDENTIFIER = "line-application.On-lineTests";
				PRODUCT_NAME = "$(TARGET_NAME)";
				SWIFT_VERSION = 5.0;
				TARGETED_DEVICE_FAMILY = "1,2";
				TEST_HOST = "$(BUILT_PRODUCTS_DIR)/On line.app/On line";
			};
			name = Release;
		};
		554F72022641D4AD00E4F684 /* Debug */ = {
			isa = XCBuildConfiguration;
			buildSettings = {
				ALWAYS_EMBED_SWIFT_STANDARD_LIBRARIES = YES;
				CODE_SIGN_STYLE = Automatic;
				DEVELOPMENT_TEAM = R5QH5STGGP;
				INFOPLIST_FILE = "On lineUITests/Info.plist";
				LD_RUNPATH_SEARCH_PATHS = (
					"$(inherited)",
					"@executable_path/Frameworks",
					"@loader_path/Frameworks",
				);
				PRODUCT_BUNDLE_IDENTIFIER = "line-application.On-lineUITests";
				PRODUCT_NAME = "$(TARGET_NAME)";
				SWIFT_VERSION = 5.0;
				TARGETED_DEVICE_FAMILY = "1,2";
				TEST_TARGET_NAME = "On line";
			};
			name = Debug;
		};
		554F72032641D4AD00E4F684 /* Release */ = {
			isa = XCBuildConfiguration;
			buildSettings = {
				ALWAYS_EMBED_SWIFT_STANDARD_LIBRARIES = YES;
				CODE_SIGN_STYLE = Automatic;
				DEVELOPMENT_TEAM = R5QH5STGGP;
				INFOPLIST_FILE = "On lineUITests/Info.plist";
				LD_RUNPATH_SEARCH_PATHS = (
					"$(inherited)",
					"@executable_path/Frameworks",
					"@loader_path/Frameworks",
				);
				PRODUCT_BUNDLE_IDENTIFIER = "line-application.On-lineUITests";
				PRODUCT_NAME = "$(TARGET_NAME)";
				SWIFT_VERSION = 5.0;
				TARGETED_DEVICE_FAMILY = "1,2";
				TEST_TARGET_NAME = "On line";
			};
			name = Release;
		};
/* End XCBuildConfiguration section */

/* Begin XCConfigurationList section */
		34B54D072656BA7800C1E039 /* Build configuration list for PBXNativeTarget "NotificationService" */ = {
			isa = XCConfigurationList;
			buildConfigurations = (
				34B54D082656BA7800C1E039 /* Debug */,
				34B54D092656BA7800C1E039 /* Release */,
			);
			defaultConfigurationIsVisible = 0;
			defaultConfigurationName = Release;
		};
		554F71D12641D4AC00E4F684 /* Build configuration list for PBXProject "On line" */ = {
			isa = XCConfigurationList;
			buildConfigurations = (
				554F71F92641D4AD00E4F684 /* Debug */,
				554F71FA2641D4AD00E4F684 /* Release */,
			);
			defaultConfigurationIsVisible = 0;
			defaultConfigurationName = Release;
		};
		554F71FB2641D4AD00E4F684 /* Build configuration list for PBXNativeTarget "On line" */ = {
			isa = XCConfigurationList;
			buildConfigurations = (
				554F71FC2641D4AD00E4F684 /* Debug */,
				554F71FD2641D4AD00E4F684 /* Release */,
			);
			defaultConfigurationIsVisible = 0;
			defaultConfigurationName = Release;
		};
		554F71FE2641D4AD00E4F684 /* Build configuration list for PBXNativeTarget "On lineTests" */ = {
			isa = XCConfigurationList;
			buildConfigurations = (
				554F71FF2641D4AD00E4F684 /* Debug */,
				554F72002641D4AD00E4F684 /* Release */,
			);
			defaultConfigurationIsVisible = 0;
			defaultConfigurationName = Release;
		};
		554F72012641D4AD00E4F684 /* Build configuration list for PBXNativeTarget "On lineUITests" */ = {
			isa = XCConfigurationList;
			buildConfigurations = (
				554F72022641D4AD00E4F684 /* Debug */,
				554F72032641D4AD00E4F684 /* Release */,
			);
			defaultConfigurationIsVisible = 0;
			defaultConfigurationName = Release;
		};
/* End XCConfigurationList section */
	};
	rootObject = 554F71CE2641D4AC00E4F684 /* Project object */;
}
